
Microsoft Visual Studio Solution File, Format Version 12.00
# Visual Studio Version 17
VisualStudioVersion = 17.4.33403.182
MinimumVisualStudioVersion = 10.0.40219.1
Project("{9A19103F-16F7-4668-BE54-9A1E7A4F7556}") = "TwitchBot", "BotWebApp\TwitchBot.csproj", "{6997D4CA-F55E-4DA4-9F1D-3DCF4B8CE593}"
EndProject
Global
	GlobalSection(SolutionConfigurationPlatforms) = preSolution
		Debug|Any CPU = Debug|Any CPU
		Release|Any CPU = Release|Any CPU
	EndGlobalSection
	GlobalSection(ProjectConfigurationPlatforms) = postSolution
		{6997D4CA-F55E-4DA4-9F1D-3DCF4B8CE593}.Debug|Any CPU.ActiveCfg = Debug|Any CPU
		{6997D4CA-F55E-4DA4-9F1D-3DCF4B8CE593}.Debug|Any CPU.Build.0 = Debug|Any CPU
		{6997D4CA-F55E-4DA4-9F1D-3DCF4B8CE593}.Release|Any CPU.ActiveCfg = Release|Any CPU
		{6997D4CA-F55E-4DA4-9F1D-3DCF4B8CE593}.Release|Any CPU.Build.0 = Release|Any CPU
	EndGlobalSection
	GlobalSection(SolutionProperties) = preSolution
		HideSolutionNode = FALSE
	EndGlobalSection
	GlobalSection(ExtensibilityGlobals) = postSolution
		SolutionGuid = {869EC409-1804-43BB-AC87-A7B5095244EE}
	EndGlobalSection
EndGlobal
